
Microsoft Visual Studio Solution File, Format Version 12.00
# Visual Studio Version 16
VisualStudioVersion = 16.0.30204.135
MinimumVisualStudioVersion = 10.0.40219.1
Project("{9A19103F-16F7-4668-BE54-9A1E7A4F7556}") = "CR-Auth", "CR-Auth\CR-Auth.csproj", "{931E5465-1D8E-4B7B-8C40-E08C413E501E}"
EndProject
Global
	GlobalSection(SolutionConfigurationPlatforms) = preSolution
		Debug|Any CPU = Debug|Any CPU
		Release|Any CPU = Release|Any CPU
	EndGlobalSection
	GlobalSection(ProjectConfigurationPlatforms) = postSolution
		{931E5465-1D8E-4B7B-8C40-E08C413E501E}.Debug|Any CPU.ActiveCfg = Debug|Any CPU
		{931E5465-1D8E-4B7B-8C40-E08C413E501E}.Debug|Any CPU.Build.0 = Debug|Any CPU
		{931E5465-1D8E-4B7B-8C40-E08C413E501E}.Release|Any CPU.ActiveCfg = Release|Any CPU
		{931E5465-1D8E-4B7B-8C40-E08C413E501E}.Release|Any CPU.Build.0 = Release|Any CPU
	EndGlobalSection
	GlobalSection(SolutionProperties) = preSolution
		HideSolutionNode = FALSE
	EndGlobalSection
	GlobalSection(ExtensibilityGlobals) = postSolution
		SolutionGuid = {E1DAFDBA-B76A-45B7-A77F-1DCC2AA76193}
	EndGlobalSection
EndGlobal
